
Microsoft Visual Studio Solution File, Format Version 12.00
# Visual Studio Version 17
VisualStudioVersion = 17.11.35312.102
MinimumVisualStudioVersion = 10.0.40219.1
Project("{FAE04EC0-301F-11D3-BF4B-00C04F79EFBC}") = "EducationalPractice", "EducationalPractice\EducationalPractice.csproj", "{A64CAA05-8915-4AB5-AAEF-280E992E1F95}"
EndProject
Global
	GlobalSection(SolutionConfigurationPlatforms) = preSolution
		Debug|Any CPU = Debug|Any CPU
		Release|Any CPU = Release|Any CPU
	EndGlobalSection
	GlobalSection(ProjectConfigurationPlatforms) = postSolution
		{A64CAA05-8915-4AB5-AAEF-280E992E1F95}.Debug|Any CPU.ActiveCfg = Debug|Any CPU
		{A64CAA05-8915-4AB5-AAEF-280E992E1F95}.Debug|Any CPU.Build.0 = Debug|Any CPU
		{A64CAA05-8915-4AB5-AAEF-280E992E1F95}.Release|Any CPU.ActiveCfg = Release|Any CPU
		{A64CAA05-8915-4AB5-AAEF-280E992E1F95}.Release|Any CPU.Build.0 = Release|Any CPU
	EndGlobalSection
	GlobalSection(SolutionProperties) = preSolution
		HideSolutionNode = FALSE
	EndGlobalSection
	GlobalSection(ExtensibilityGlobals) = postSolution
		SolutionGuid = {67100D2F-E12B-413C-9CDF-3C87ED906115}
	EndGlobalSection
EndGlobal
